// !$*UTF8*$!
{
	archiveVersion = 1;
	classes = {
	};
	objectVersion = 50;
	objects = {

/* Begin PBXBuildFile section */
		BB61C3C3231CF4CF00C24B47 /* AppDelegate.m in Sources */ = {isa = PBXBuildFile; fileRef = BB61C3C2231CF4CF00C24B47 /* AppDelegate.m */; };
		BB61C3C6231CF4CF00C24B47 /* ViewController.m in Sources */ = {isa = PBXBuildFile; fileRef = BB61C3C5231CF4CF00C24B47 /* ViewController.m */; };
		BB61C3C9231CF4CF00C24B47 /* Main.storyboard in Resources */ = {isa = PBXBuildFile; fileRef = BB61C3C7231CF4CF00C24B47 /* Main.storyboard */; };
		BB61C3CB231CF4D200C24B47 /* Assets.xcassets in Resources */ = {isa = PBXBuildFile; fileRef = BB61C3CA231CF4D200C24B47 /* Assets.xcassets */; };
		BB61C3CE231CF4D200C24B47 /* LaunchScreen.storyboard in Resources */ = {isa = PBXBuildFile; fileRef = BB61C3CC231CF4D200C24B47 /* LaunchScreen.storyboard */; };
		BB61C3D1231CF4D200C24B47 /* main.m in Sources */ = {isa = PBXBuildFile; fileRef = BB61C3D0231CF4D200C24B47 /* main.m */; };
		BB61C3DB231CF4D200C24B47 /* insertionSortTests.m in Sources */ = {isa = PBXBuildFile; fileRef = BB61C3DA231CF4D200C24B47 /* insertionSortTests.m */; };
		BB61C3E6231CF4D200C24B47 /* insertionSortUITests.m in Sources */ = {isa = PBXBuildFile; fileRef = BB61C3E5231CF4D200C24B47 /* insertionSortUITests.m */; };
/* End PBXBuildFile section */

/* Begin PBXContainerItemProxy section */
		BB61C3D7231CF4D200C24B47 /* PBXContainerItemProxy */ = {
			isa = PBXContainerItemProxy;
			containerPortal = BB61C3B6231CF4CF00C24B47 /* Project object */;
			proxyType = 1;
			remoteGlobalIDString = BB61C3BD231CF4CF00C24B47;
			remoteInfo = insertionSort;
		};
		BB61C3E2231CF4D200C24B47 /* PBXContainerItemProxy */ = {
			isa = PBXContainerItemProxy;
			containerPortal = BB61C3B6231CF4CF00C24B47 /* Project object */;
			proxyType = 1;
			remoteGlobalIDString = BB61C3BD231CF4CF00C24B47;
			remoteInfo = insertionSort;
		};
/* End PBXContainerItemProxy section */

/* Begin PBXFileReference section */
		BB61C3BE231CF4CF00C24B47 /* insertionSort.app */ = {isa = PBXFileReference; explicitFileType = wrapper.application; includeInIndex = 0; path = insertionSort.app; sourceTree = BUILT_PRODUCTS_DIR; };
		BB61C3C1231CF4CF00C24B47 /* AppDelegate.h */ = {isa = PBXFileReference; lastKnownFileType = sourcecode.c.h; path = AppDelegate.h; sourceTree = "<group>"; };
		BB61C3C2231CF4CF00C24B47 /* AppDelegate.m */ = {isa = PBXFileReference; lastKnownFileType = sourcecode.c.objc; path = AppDelegate.m; sourceTree = "<group>"; };
		BB61C3C4231CF4CF00C24B47 /* ViewController.h */ = {isa = PBXFileReference; lastKnownFileType = sourcecode.c.h; path = ViewController.h; sourceTree = "<group>"; };
		BB61C3C5231CF4CF00C24B47 /* ViewController.m */ = {isa = PBXFileReference; lastKnownFileType = sourcecode.c.objc; path = ViewController.m; sourceTree = "<group>"; };
		BB61C3C8231CF4CF00C24B47 /* Base */ = {isa = PBXFileReference; lastKnownFileType = file.storyboard; name = Base; path = Base.lproj/Main.storyboard; sourceTree = "<group>"; };
		BB61C3CA231CF4D200C24B47 /* Assets.xcassets */ = {isa = PBXFileReference; lastKnownFileType = folder.assetcatalog; path = Assets.xcassets; sourceTree = "<group>"; };
		BB61C3CD231CF4D200C24B47 /* Base */ = {isa = PBXFileReference; lastKnownFileType = file.storyboard; name = Base; path = Base.lproj/LaunchScreen.storyboard; sourceTree = "<group>"; };
		BB61C3CF231CF4D200C24B47 /* Info.plist */ = {isa = PBXFileReference; lastKnownFileType = text.plist.xml; path = Info.plist; sourceTree = "<group>"; };
		BB61C3D0231CF4D200C24B47 /* main.m */ = {isa = PBXFileReference; lastKnownFileType = sourcecode.c.objc; path = main.m; sourceTree = "<group>"; };
		BB61C3D6231CF4D200C24B47 /* insertionSortTests.xctest */ = {isa = PBXFileReference; explicitFileType = wrapper.cfbundle; includeInIndex = 0; path = insertionSortTests.xctest; sourceTree = BUILT_PRODUCTS_DIR; };
		BB61C3DA231CF4D200C24B47 /* insertionSortTests.m */ = {isa = PBXFileReference; lastKnownFileType = sourcecode.c.objc; path = insertionSortTests.m; sourceTree = "<group>"; };
		BB61C3DC231CF4D200C24B47 /* Info.plist */ = {isa = PBXFileReference; lastKnownFileType = text.plist.xml; path = Info.plist; sourceTree = "<group>"; };
		BB61C3E1231CF4D200C24B47 /* insertionSortUITests.xctest */ = {isa = PBXFileReference; explicitFileType = wrapper.cfbundle; includeInIndex = 0; path = insertionSortUITests.xctest; sourceTree = BUILT_PRODUCTS_DIR; };
		BB61C3E5231CF4D200C24B47 /* insertionSortUITests.m */ = {isa = PBXFileReference; lastKnownFileType = sourcecode.c.objc; path = insertionSortUITests.m; sourceTree = "<group>"; };
		BB61C3E7231CF4D200C24B47 /* Info.plist */ = {isa = PBXFileReference; lastKnownFileType = text.plist.xml; path = Info.plist; sourceTree = "<group>"; };
/* End PBXFileReference section */

/* Begin PBXFrameworksBuildPhase section */
		BB61C3BB231CF4CF00C24B47 /* Frameworks */ = {
			isa = PBXFrameworksBuildPhase;
			buildActionMask = 2147483647;
			files = (
			);
			runOnlyForDeploymentPostprocessing = 0;
		};
		BB61C3D3231CF4D200C24B47 /* Frameworks */ = {
			isa = PBXFrameworksBuildPhase;
			buildActionMask = 2147483647;
			files = (
			);
			runOnlyForDeploymentPostprocessing = 0;
		};
		BB61C3DE231CF4D200C24B47 /* Frameworks */ = {
			isa = PBXFrameworksBuildPhase;
			buildActionMask = 2147483647;
			files = (
			);
			runOnlyForDeploymentPostprocessing = 0;
		};
/* End PBXFrameworksBuildPhase section */

/* Begin PBXGroup section */
		BB61C3B5231CF4CF00C24B47 = {
			isa = PBXGroup;
			children = (
				BB61C3C0231CF4CF00C24B47 /* insertionSort */,
				BB61C3D9231CF4D200C24B47 /* insertionSortTests */,
				BB61C3E4231CF4D200C24B47 /* insertionSortUITests */,
				BB61C3BF231CF4CF00C24B47 /* Products */,
			);
			sourceTree = "<group>";
		};
		BB61C3BF231CF4CF00C24B47 /* Products */ = {
			isa = PBXGroup;
			children = (
				BB61C3BE231CF4CF00C24B47 /* insertionSort.app */,
				BB61C3D6231CF4D200C24B47 /* insertionSortTests.xctest */,
				BB61C3E1231CF4D200C24B47 /* insertionSortUITests.xctest */,
			);
			name = Products;
			sourceTree = "<group>";
		};
		BB61C3C0231CF4CF00C24B47 /* insertionSort */ = {
			isa = PBXGroup;
			children = (
				BB61C3C1231CF4CF00C24B47 /* AppDelegate.h */,
				BB61C3C2231CF4CF00C24B47 /* AppDelegate.m */,
				BB61C3C4231CF4CF00C24B47 /* ViewController.h */,
				BB61C3C5231CF4CF00C24B47 /* ViewController.m */,
				BB61C3C7231CF4CF00C24B47 /* Main.storyboard */,
				BB61C3CA231CF4D200C24B47 /* Assets.xcassets */,
				BB61C3CC231CF4D200C24B47 /* LaunchScreen.storyboard */,
				BB61C3CF231CF4D200C24B47 /* Info.plist */,
				BB61C3D0231CF4D200C24B47 /* main.m */,
			);
			path = insertionSort;
			sourceTree = "<group>";
		};
		BB61C3D9231CF4D200C24B47 /* insertionSortTests */ = {
			isa = PBXGroup;
			children = (
				BB61C3DA231CF4D200C24B47 /* insertionSortTests.m */,
				BB61C3DC231CF4D200C24B47 /* Info.plist */,
			);
			path = insertionSortTests;
			sourceTree = "<group>";
		};
		BB61C3E4231CF4D200C24B47 /* insertionSortUITests */ = {
			isa = PBXGroup;
			children = (
				BB61C3E5231CF4D200C24B47 /* insertionSortUITests.m */,
				BB61C3E7231CF4D200C24B47 /* Info.plist */,
			);
			path = insertionSortUITests;
			sourceTree = "<group>";
		};
/* End PBXGroup section */

/* Begin PBXNativeTarget section */
		BB61C3BD231CF4CF00C24B47 /* insertionSort */ = {
			isa = PBXNativeTarget;
			buildConfigurationList = BB61C3EA231CF4D300C24B47 /* Build configuration list for PBXNativeTarget "insertionSort" */;
			buildPhases = (
				BB61C3BA231CF4CF00C24B47 /* Sources */,
				BB61C3BB231CF4CF00C24B47 /* Frameworks */,
				BB61C3BC231CF4CF00C24B47 /* Resources */,
			);
			buildRules = (
			);
			dependencies = (
			);
			name = insertionSort;
			productName = insertionSort;
			productReference = BB61C3BE231CF4CF00C24B47 /* insertionSort.app */;
			productType = "com.apple.product-type.application";
		};
		BB61C3D5231CF4D200C24B47 /* insertionSortTests */ = {
			isa = PBXNativeTarget;
			buildConfigurationList = BB61C3ED231CF4D300C24B47 /* Build configuration list for PBXNativeTarget "insertionSortTests" */;
			buildPhases = (
				BB61C3D2231CF4D200C24B47 /* Sources */,
				BB61C3D3231CF4D200C24B47 /* Frameworks */,
				BB61C3D4231CF4D200C24B47 /* Resources */,
			);
			buildRules = (
			);
			dependencies = (
				BB61C3D8231CF4D200C24B47 /* PBXTargetDependency */,
			);
			name = insertionSortTests;
			productName = insertionSortTests;
			productReference = BB61C3D6231CF4D200C24B47 /* insertionSortTests.xctest */;
			productType = "com.apple.product-type.bundle.unit-test";
		};
		BB61C3E0231CF4D200C24B47 /* insertionSortUITests */ = {
			isa = PBXNativeTarget;
			buildConfigurationList = BB61C3F0231CF4D300C24B47 /* Build configuration list for PBXNativeTarget "insertionSortUITests" */;
			buildPhases = (
				BB61C3DD231CF4D200C24B47 /* Sources */,
				BB61C3DE231CF4D200C24B47 /* Frameworks */,
				BB61C3DF231CF4D200C24B47 /* Resources */,
			);
			buildRules = (
			);
			dependencies = (
				BB61C3E3231CF4D200C24B47 /* PBXTargetDependency */,
			);
			name = insertionSortUITests;
			productName = insertionSortUITests;
			productReference = BB61C3E1231CF4D200C24B47 /* insertionSortUITests.xctest */;
			productType = "com.apple.product-type.bundle.ui-testing";
		};
/* End PBXNativeTarget section */

/* Begin PBXProject section */
		BB61C3B6231CF4CF00C24B47 /* Project object */ = {
			isa = PBXProject;
			attributes = {
				LastUpgradeCheck = 1010;
				ORGANIZATIONNAME = EJIAJX_wct;
				TargetAttributes = {
					BB61C3BD231CF4CF00C24B47 = {
						CreatedOnToolsVersion = 10.1;
					};
					BB61C3D5231CF4D200C24B47 = {
						CreatedOnToolsVersion = 10.1;
						TestTargetID = BB61C3BD231CF4CF00C24B47;
					};
					BB61C3E0231CF4D200C24B47 = {
						CreatedOnToolsVersion = 10.1;
						TestTargetID = BB61C3BD231CF4CF00C24B47;
					};
				};
			};
			buildConfigurationList = BB61C3B9231CF4CF00C24B47 /* Build configuration list for PBXProject "insertionSort" */;
			compatibilityVersion = "Xcode 9.3";
			developmentRegion = en;
			hasScannedForEncodings = 0;
			knownRegions = (
				en,
				Base,
			);
			mainGroup = BB61C3B5231CF4CF00C24B47;
			productRefGroup = BB61C3BF231CF4CF00C24B47 /* Products */;
			projectDirPath = "";
			projectRoot = "";
			targets = (
				BB61C3BD231CF4CF00C24B47 /* insertionSort */,
				BB61C3D5231CF4D200C24B47 /* insertionSortTests */,
				BB61C3E0231CF4D200C24B47 /* insertionSortUITests */,
			);
		};
/* End PBXProject section */

/* Begin PBXResourcesBuildPhase section */
		BB61C3BC231CF4CF00C24B47 /* Resources */ = {
			isa = PBXResourcesBuildPhase;
			buildActionMask = 2147483647;
			files = (
				BB61C3CE231CF4D200C24B47 /* LaunchScreen.storyboard in Resources */,
				BB61C3CB231CF4D200C24B47 /* Assets.xcassets in Resources */,
				BB61C3C9231CF4CF00C24B47 /* Main.storyboard in Resources */,
			);
			runOnlyForDeploymentPostprocessing = 0;
		};
		BB61C3D4231CF4D200C24B47 /* Resources */ = {
			isa = PBXResourcesBuildPhase;
			buildActionMask = 2147483647;
			files = (
			);
			runOnlyForDeploymentPostprocessing = 0;
		};
		BB61C3DF231CF4D200C24B47 /* Resources */ = {
			isa = PBXResourcesBuildPhase;
			buildActionMask = 2147483647;
			files = (
			);
			runOnlyForDeploymentPostprocessing = 0;
		};
/* End PBXResourcesBuildPhase section */

/* Begin PBXSourcesBuildPhase section */
		BB61C3BA231CF4CF00C24B47 /* Sources */ = {
			isa = PBXSourcesBuildPhase;
			buildActionMask = 2147483647;
			files = (
				BB61C3C6231CF4CF00C24B47 /* ViewController.m in Sources */,
				BB61C3D1231CF4D200C24B47 /* main.m in Sources */,
				BB61C3C3231CF4CF00C24B47 /* AppDelegate.m in Sources */,
			);
			runOnlyForDeploymentPostprocessing = 0;
		};
		BB61C3D2231CF4D200C24B47 /* Sources */ = {
			isa = PBXSourcesBuildPhase;
			buildActionMask = 2147483647;
			files = (
				BB61C3DB231CF4D200C24B47 /* insertionSortTests.m in Sources */,
			);
			runOnlyForDeploymentPostprocessing = 0;
		};
		BB61C3DD231CF4D200C24B47 /* Sources */ = {
			isa = PBXSourcesBuildPhase;
			buildActionMask = 2147483647;
			files = (
				BB61C3E6231CF4D200C24B47 /* insertionSortUITests.m in Sources */,
			);
			runOnlyForDeploymentPostprocessing = 0;
		};
/* End PBXSourcesBuildPhase section */

/* Begin PBXTargetDependency section */
		BB61C3D8231CF4D200C24B47 /* PBXTargetDependency */ = {
			isa = PBXTargetDependency;
			target = BB61C3BD231CF4CF00C24B47 /* insertionSort */;
			targetProxy = BB61C3D7231CF4D200C24B47 /* PBXContainerItemProxy */;
		};
		BB61C3E3231CF4D200C24B47 /* PBXTargetDependency */ = {
			isa = PBXTargetDependency;
			target = BB61C3BD231CF4CF00C24B47 /* insertionSort */;
			targetProxy = BB61C3E2231CF4D200C24B47 /* PBXContainerItemProxy */;
		};
/* End PBXTargetDependency section */

/* Begin PBXVariantGroup section */
		BB61C3C7231CF4CF00C24B47 /* Main.storyboard */ = {
			isa = PBXVariantGroup;
			children = (
				BB61C3C8231CF4CF00C24B47 /* Base */,
			);
			name = Main.storyboard;
			sourceTree = "<group>";
		};
		BB61C3CC231CF4D200C24B47 /* LaunchScreen.storyboard */ = {
			isa = PBXVariantGroup;
			children = (
				BB61C3CD231CF4D200C24B47 /* Base */,
			);
			name = LaunchScreen.storyboard;
			sourceTree = "<group>";
		};
/* End PBXVariantGroup section */

/* Begin XCBuildConfiguration section */
		BB61C3E8231CF4D300C24B47 /* Debug */ = {
			isa = XCBuildConfiguration;
			buildSettings = {
				ALWAYS_SEARCH_USER_PATHS = NO;
				CLANG_ANALYZER_NONNULL = YES;
				CLANG_ANALYZER_NUMBER_OBJECT_CONVERSION = YES_AGGRESSIVE;
				CLANG_CXX_LANGUAGE_STANDARD = "gnu++14";
				CLANG_CXX_LIBRARY = "libc++";
				CLANG_ENABLE_MODULES = YES;
				CLANG_ENABLE_OBJC_ARC = YES;
				CLANG_ENABLE_OBJC_WEAK = YES;
				CLANG_WARN_BLOCK_CAPTURE_AUTORELEASING = YES;
				CLANG_WARN_BOOL_CONVERSION = YES;
				CLANG_WARN_COMMA = YES;
				CLANG_WARN_CONSTANT_CONVERSION = YES;
				CLANG_WARN_DEPRECATED_OBJC_IMPLEMENTATIONS = YES;
				CLANG_WARN_DIRECT_OBJC_ISA_USAGE = YES_ERROR;
				CLANG_WARN_DOCUMENTATION_COMMENTS = YES;
				CLANG_WARN_EMPTY_BODY = YES;
				CLANG_WARN_ENUM_CONVERSION = YES;
				CLANG_WARN_INFINITE_RECURSION = YES;
				CLANG_WARN_INT_CONVERSION = YES;
				CLANG_WARN_NON_LITERAL_NULL_CONVERSION = YES;
				CLANG_WARN_OBJC_IMPLICIT_RETAIN_SELF = YES;
				CLANG_WARN_OBJC_LITERAL_CONVERSION = YES;
				CLANG_WARN_OBJC_ROOT_CLASS = YES_ERROR;
				CLANG_WARN_RANGE_LOOP_ANALYSIS = YES;
				CLANG_WARN_STRICT_PROTOTYPES = YES;
				CLANG_WARN_SUSPICIOUS_MOVE = YES;
				CLANG_WARN_UNGUARDED_AVAILABILITY = YES_AGGRESSIVE;
				CLANG_WARN_UNREACHABLE_CODE = YES;
				CLANG_WARN__DUPLICATE_METHOD_MATCH = YES;
				CODE_SIGN_IDENTITY = "iPhone Developer";
				COPY_PHASE_STRIP = NO;
				DEBUG_INFORMATION_FORMAT = dwarf;
				ENABLE_STRICT_OBJC_MSGSEND = YES;
				ENABLE_TESTABILITY = YES;
				GCC_C_LANGUAGE_STANDARD = gnu11;
				GCC_DYNAMIC_NO_PIC = NO;
				GCC_NO_COMMON_BLOCKS = YES;
				GCC_OPTIMIZATION_LEVEL = 0;
				GCC_PREPROCESSOR_DEFINITIONS = (
					"DEBUG=1",
					"$(inherited)",
				);
				GCC_WARN_64_TO_32_BIT_CONVERSION = YES;
				GCC_WARN_ABOUT_RETURN_TYPE = YES_ERROR;
				GCC_WARN_UNDECLARED_SELECTOR = YES;
				GCC_WARN_UNINITIALIZED_AUTOS = YES_AGGRESSIVE;
				GCC_WARN_UNUSED_FUNCTION = YES;
				GCC_WARN_UNUSED_VARIABLE = YES;
				IPHONEOS_DEPLOYMENT_TARGET = 12.1;
				MTL_ENABLE_DEBUG_INFO = INCLUDE_SOURCE;
				MTL_FAST_MATH = YES;
				ONLY_ACTIVE_ARCH = YES;
				SDKROOT = iphoneos;
			};
			name = Debug;
		};
		BB61C3E9231CF4D300C24B47 /* Release */ = {
			isa = XCBuildConfiguration;
			buildSettings = {
				ALWAYS_SEARCH_USER_PATHS = NO;
				CLANG_ANALYZER_NONNULL = YES;
				CLANG_ANALYZER_NUMBER_OBJECT_CONVERSION = YES_AGGRESSIVE;
				CLANG_CXX_LANGUAGE_STANDARD = "gnu++14";
				CLANG_CXX_LIBRARY = "libc++";
				CLANG_ENABLE_MODULES = YES;
				CLANG_ENABLE_OBJC_ARC = YES;
				CLANG_ENABLE_OBJC_WEAK = YES;
				CLANG_WARN_BLOCK_CAPTURE_AUTORELEASING = YES;
				CLANG_WARN_BOOL_CONVERSION = YES;
				CLANG_WARN_COMMA = YES;
				CLANG_WARN_CONSTANT_CONVERSION = YES;
				CLANG_WARN_DEPRECATED_OBJC_IMPLEMENTATIONS = YES;
				CLANG_WARN_DIRECT_OBJC_ISA_USAGE = YES_ERROR;
				CLANG_WARN_DOCUMENTATION_COMMENTS = YES;
				CLANG_WARN_EMPTY_BODY = YES;
				CLANG_WARN_ENUM_CONVERSION = YES;
				CLANG_WARN_INFINITE_RECURSION = YES;
				CLANG_WARN_INT_CONVERSION = YES;
				CLANG_WARN_NON_LITERAL_NULL_CONVERSION = YES;
				CLANG_WARN_OBJC_IMPLICIT_RETAIN_SELF = YES;
				CLANG_WARN_OBJC_LITERAL_CONVERSION = YES;
				CLANG_WARN_OBJC_ROOT_CLASS = YES_ERROR;
				CLANG_WARN_RANGE_LOOP_ANALYSIS = YES;
				CLANG_WARN_STRICT_PROTOTYPES = YES;
				CLANG_WARN_SUSPICIOUS_MOVE = YES;
				CLANG_WARN_UNGUARDED_AVAILABILITY = YES_AGGRESSIVE;
				CLANG_WARN_UNREACHABLE_CODE = YES;
				CLANG_WARN__DUPLICATE_METHOD_MATCH = YES;
				CODE_SIGN_IDENTITY = "iPhone Developer";
				COPY_PHASE_STRIP = NO;
				DEBUG_INFORMATION_FORMAT = "dwarf-with-dsym";
				ENABLE_NS_ASSERTIONS = NO;
				ENABLE_STRICT_OBJC_MSGSEND = YES;
				GCC_C_LANGUAGE_STANDARD = gnu11;
				GCC_NO_COMMON_BLOCKS = YES;
				GCC_WARN_64_TO_32_BIT_CONVERSION = YES;
				GCC_WARN_ABOUT_RETURN_TYPE = YES_ERROR;
				GCC_WARN_UNDECLARED_SELECTOR = YES;
				GCC_WARN_UNINITIALIZED_AUTOS = YES_AGGRESSIVE;
				GCC_WARN_UNUSED_FUNCTION = YES;
				GCC_WARN_UNUSED_VARIABLE = YES;
				IPHONEOS_DEPLOYMENT_TARGET = 12.1;
				MTL_ENABLE_DEBUG_INFO = NO;
				MTL_FAST_MATH = YES;
				SDKROOT = iphoneos;
				VALIDATE_PRODUCT = YES;
			};
			name = Release;
		};
		BB61C3EB231CF4D300C24B47 /* Debug */ = {
			isa = XCBuildConfiguration;
			buildSettings = {
				ASSETCATALOG_COMPILER_APPICON_NAME = AppIcon;
				CODE_SIGN_STYLE = Automatic;
				DEVELOPMENT_TEAM = UJH48WSBNE;
				INFOPLIST_FILE = insertionSort/Info.plist;
				IPHONEOS_DEPLOYMENT_TARGET = 8.0;
				LD_RUNPATH_SEARCH_PATHS = (
					"$(inherited)",
					"@executable_path/Frameworks",
				);
				PRODUCT_BUNDLE_IDENTIFIER = "wct-ejiajx.insertionSort";
				PRODUCT_NAME = "$(TARGET_NAME)";
				TARGETED_DEVICE_FAMILY = "1,2";
			};
			name = Debug;
		};
		BB61C3EC231CF4D300C24B47 /* Release */ = {
			isa = XCBuildConfiguration;
			buildSettings = {
				ASSETCATALOG_COMPILER_APPICON_NAME = AppIcon;
				CODE_SIGN_STYLE = Automatic;
				DEVELOPMENT_TEAM = UJH48WSBNE;
				INFOPLIST_FILE = insertionSort/Info.plist;
				IPHONEOS_DEPLOYMENT_TARGET = 8.0;
				LD_RUNPATH_SEARCH_PATHS = (
					"$(inherited)",
					"@executable_path/Frameworks",
				);
				PRODUCT_BUNDLE_IDENTIFIER = "wct-ejiajx.insertionSort";
				PRODUCT_NAME = "$(TARGET_NAME)";
				TARGETED_DEVICE_FAMILY = "1,2";
			};
			name = Release;
		};
		BB61C3EE231CF4D300C24B47 /* Debug */ = {
			isa = XCBuildConfiguration;
			buildSettings = {
				BUNDLE_LOADER = "$(TEST_HOST)";
				CODE_SIGN_STYLE = Automatic;
				DEVELOPMENT_TEAM = UJH48WSBNE;
				INFOPLIST_FILE = insertionSortTests/Info.plist;
				LD_RUNPATH_SEARCH_PATHS = (
					"$(inherited)",
					"@executable_path/Frameworks",
					"@loader_path/Frameworks",
				);
				PRODUCT_BUNDLE_IDENTIFIER = "wct-ejiajx.insertionSortTests";
				PRODUCT_NAME = "$(TARGET_NAME)";
				TARGETED_DEVICE_FAMILY = "1,2";
				TEST_HOST = "$(BUILT_PRODUCTS_DIR)/insertionSort.app/insertionSort";
			};
			name = Debug;
		};
		BB61C3EF231CF4D300C24B47 /* Release */ = {
			isa = XCBuildConfiguration;
			buildSettings = {
				BUNDLE_LOADER = "$(TEST_HOST)";
				CODE_SIGN_STYLE = Automatic;
				DEVELOPMENT_TEAM = UJH48WSBNE;
				INFOPLIST_FILE = insertionSortTests/Info.plist;
				LD_RUNPATH_SEARCH_PATHS = (
					"$(inherited)",
					"@executable_path/Frameworks",
					"@loader_path/Frameworks",
				);
				PRODUCT_BUNDLE_IDENTIFIER = "wct-ejiajx.insertionSortTests";
				PRODUCT_NAME = "$(TARGET_NAME)";
				TARGETED_DEVICE_FAMILY = "1,2";
				TEST_HOST = "$(BUILT_PRODUCTS_DIR)/insertionSort.app/insertionSort";
			};
			name = Release;
		};
		BB61C3F1231CF4D300C24B47 /* Debug */ = {
			isa = XCBuildConfiguration;
			buildSettings = {
				CODE_SIGN_STYLE = Automatic;
				DEVELOPMENT_TEAM = UJH48WSBNE;
				INFOPLIST_FILE = insertionSortUITests/Info.plist;
				LD_RUNPATH_SEARCH_PATHS = (
					"$(inherited)",
					"@executable_path/Frameworks",
					"@loader_path/Frameworks",
				);
				PRODUCT_BUNDLE_IDENTIFIER = "wct-ejiajx.insertionSortUITests";
				PRODUCT_NAME = "$(TARGET_NAME)";
				TARGETED_DEVICE_FAMILY = "1,2";
				TEST_TARGET_NAME = insertionSort;
			};
			name = Debug;
		};
		BB61C3F2231CF4D300C24B47 /* Release */ = {
			isa = XCBuildConfiguration;
			buildSettings = {
				CODE_SIGN_STYLE = Automatic;
				DEVELOPMENT_TEAM = UJH48WSBNE;
				INFOPLIST_FILE = insertionSortUITests/Info.plist;
				LD_RUNPATH_SEARCH_PATHS = (
					"$(inherited)",
					"@executable_path/Frameworks",
					"@loader_path/Frameworks",
				);
				PRODUCT_BUNDLE_IDENTIFIER = "wct-ejiajx.insertionSortUITests";
				PRODUCT_NAME = "$(TARGET_NAME)";
				TARGETED_DEVICE_FAMILY = "1,2";
				TEST_TARGET_NAME = insertionSort;
			};
			name = Release;
		};
/* End XCBuildConfiguration section */

/* Begin XCConfigurationList section */
		BB61C3B9231CF4CF00C24B47 /* Build configuration list for PBXProject "insertionSort" */ = {
			isa = XCConfigurationList;
			buildConfigurations = (
				BB61C3E8231CF4D300C24B47 /* Debug */,
				BB61C3E9231CF4D300C24B47 /* Release */,
			);
			defaultConfigurationIsVisible = 0;
			defaultConfigurationName = Release;
		};
		BB61C3EA231CF4D300C24B47 /* Build configuration list for PBXNativeTarget "insertionSort" */ = {
			isa = XCConfigurationList;
			buildConfigurations = (
				BB61C3EB231CF4D300C24B47 /* Debug */,
				BB61C3EC231CF4D300C24B47 /* Release */,
			);
			defaultConfigurationIsVisible = 0;
			defaultConfigurationName = Release;
		};
		BB61C3ED231CF4D300C24B47 /* Build configuration list for PBXNativeTarget "insertionSortTests" */ = {
			isa = XCConfigurationList;
			buildConfigurations = (
				BB61C3EE231CF4D300C24B47 /* Debug */,
				BB61C3EF231CF4D300C24B47 /* Release */,
			);
			defaultConfigurationIsVisible = 0;
			defaultConfigurationName = Release;
		};
		BB61C3F0231CF4D300C24B47 /* Build configuration list for PBXNativeTarget "insertionSortUITests" */ = {
			isa = XCConfigurationList;
			buildConfigurations = (
				BB61C3F1231CF4D300C24B47 /* Debug */,
				BB61C3F2231CF4D300C24B47 /* Release */,
			);
			defaultConfigurationIsVisible = 0;
			defaultConfigurationName = Release;
		};
/* End XCConfigurationList section */
	};
	rootObject = BB61C3B6231CF4CF00C24B47 /* Project object */;
}
